
Microsoft Visual Studio Solution File, Format Version 12.00
# Visual Studio Version 16
VisualStudioVersion = 16.0.30225.117
MinimumVisualStudioVersion = 10.0.40219.1
Project("{8BC9CEB8-8B4A-11D0-8D11-00A0C91BC942}") = "july_29-1", "july_29-1\july_29-1.vcxproj", "{3A276F37-9139-4F50-A4CC-2BEECEADFC77}"
EndProject
Project("{8BC9CEB8-8B4A-11D0-8D11-00A0C91BC942}") = "July_29-2", "July_29-2\July_29-2.vcxproj", "{AD9EA190-CCC3-47A0-A4AF-B0B63AFCB07F}"
EndProject
Project("{8BC9CEB8-8B4A-11D0-8D11-00A0C91BC942}") = "July_29-3", "July_29-3\July_29-3.vcxproj", "{4C78CC71-48D9-4245-B93B-D005858B6001}"
EndProject
Project("{8BC9CEB8-8B4A-11D0-8D11-00A0C91BC942}") = "July_29-4", "July_29-4\July_29-4.vcxproj", "{9613C0A0-2B43-4935-9110-F060E05871C8}"
EndProject
Global
	GlobalSection(SolutionConfigurationPlatforms) = preSolution
		Debug|x64 = Debug|x64
		Debug|x86 = Debug|x86
		Release|x64 = Release|x64
		Release|x86 = Release|x86
	EndGlobalSection
	GlobalSection(ProjectConfigurationPlatforms) = postSolution
		{3A276F37-9139-4F50-A4CC-2BEECEADFC77}.Debug|x64.ActiveCfg = Debug|x64
		{3A276F37-9139-4F50-A4CC-2BEECEADFC77}.Debug|x64.Build.0 = Debug|x64
		{3A276F37-9139-4F50-A4CC-2BEECEADFC77}.Debug|x86.ActiveCfg = Debug|Win32
		{3A276F37-9139-4F50-A4CC-2BEECEADFC77}.Debug|x86.Build.0 = Debug|Win32
		{3A276F37-9139-4F50-A4CC-2BEECEADFC77}.Release|x64.ActiveCfg = Release|x64
		{3A276F37-9139-4F50-A4CC-2BEECEADFC77}.Release|x64.Build.0 = Release|x64
		{3A276F37-9139-4F50-A4CC-2BEECEADFC77}.Release|x86.ActiveCfg = Release|Win32
		{3A276F37-9139-4F50-A4CC-2BEECEADFC77}.Release|x86.Build.0 = Release|Win32
		{AD9EA190-CCC3-47A0-A4AF-B0B63AFCB07F}.Debug|x64.ActiveCfg = Debug|x64
		{AD9EA190-CCC3-47A0-A4AF-B0B63AFCB07F}.Debug|x64.Build.0 = Debug|x64
		{AD9EA190-CCC3-47A0-A4AF-B0B63AFCB07F}.Debug|x86.ActiveCfg = Debug|Win32
		{AD9EA190-CCC3-47A0-A4AF-B0B63AFCB07F}.Debug|x86.Build.0 = Debug|Win32
		{AD9EA190-CCC3-47A0-A4AF-B0B63AFCB07F}.Release|x64.ActiveCfg = Release|x64
		{AD9EA190-CCC3-47A0-A4AF-B0B63AFCB07F}.Release|x64.Build.0 = Release|x64
		{AD9EA190-CCC3-47A0-A4AF-B0B63AFCB07F}.Release|x86.ActiveCfg = Release|Win32
		{AD9EA190-CCC3-47A0-A4AF-B0B63AFCB07F}.Release|x86.Build.0 = Release|Win32
		{4C78CC71-48D9-4245-B93B-D005858B6001}.Debug|x64.ActiveCfg = Debug|x64
		{4C78CC71-48D9-4245-B93B-D005858B6001}.Debug|x64.Build.0 = Debug|x64
		{4C78CC71-48D9-4245-B93B-D005858B6001}.Debug|x86.ActiveCfg = Debug|Win32
		{4C78CC71-48D9-4245-B93B-D005858B6001}.Debug|x86.Build.0 = Debug|Win32
		{4C78CC71-48D9-4245-B93B-D005858B6001}.Release|x64.ActiveCfg = Release|x64
		{4C78CC71-48D9-4245-B93B-D005858B6001}.Release|x64.Build.0 = Release|x64
		{4C78CC71-48D9-4245-B93B-D005858B6001}.Release|x86.ActiveCfg = Release|Win32
		{4C78CC71-48D9-4245-B93B-D005858B6001}.Release|x86.Build.0 = Release|Win32
		{9613C0A0-2B43-4935-9110-F060E05871C8}.Debug|x64.ActiveCfg = Debug|x64
		{9613C0A0-2B43-4935-9110-F060E05871C8}.Debug|x64.Build.0 = Debug|x64
		{9613C0A0-2B43-4935-9110-F060E05871C8}.Debug|x86.ActiveCfg = Debug|Win32
		{9613C0A0-2B43-4935-9110-F060E05871C8}.Debug|x86.Build.0 = Debug|Win32
		{9613C0A0-2B43-4935-9110-F060E05871C8}.Release|x64.ActiveCfg = Release|x64
		{9613C0A0-2B43-4935-9110-F060E05871C8}.Release|x64.Build.0 = Release|x64
		{9613C0A0-2B43-4935-9110-F060E05871C8}.Release|x86.ActiveCfg = Release|Win32
		{9613C0A0-2B43-4935-9110-F060E05871C8}.Release|x86.Build.0 = Release|Win32
	EndGlobalSection
	GlobalSection(SolutionProperties) = preSolution
		HideSolutionNode = FALSE
	EndGlobalSection
	GlobalSection(ExtensibilityGlobals) = postSolution
		SolutionGuid = {6E427E2E-A28C-45CE-9C00-E632946485CA}
	EndGlobalSection
EndGlobal
